{
  "lockfileVersion": 1,
  "workspaces": {
    "": {
      "name": "bondwise-worker",
      "dependencies": {
        "@clerk/backend": "^1.25.8",
        "@google/generative-ai": "^0.24.0",
        "google-auth-library": "^9.15.1",
        "itty-router": "^5.0.18",
      },
      "devDependencies": {
        "@cloudflare/workers-types": "^4.20250321.0",
        "@types/bun": "latest",
      },
      "peerDependencies": {
        "typescript": "^5.8.2",
      },
    },
  },
  "packages": {
    "@clerk/backend": ["@clerk/backend@1.25.8", "", { "dependencies": { "@clerk/shared": "^3.2.3", "@clerk/types": "^4.50.1", "cookie": "1.0.2", "snakecase-keys": "8.0.1", "tslib": "2.8.1" } }, "sha512-DmIc5pNQeTLHLCLN8ajcNhYNCfqmvwSwyGqr5aCHiJdWqGb9DGaws7PXU9btBiXVbI+NK/CJwjGv09+2rGpgAg=="],

    "@clerk/shared": ["@clerk/shared@3.2.3", "", { "dependencies": { "@clerk/types": "^4.50.1", "dequal": "2.0.3", "glob-to-regexp": "0.4.1", "js-cookie": "3.0.5", "std-env": "^3.7.0", "swr": "^2.2.0" }, "peerDependencies": { "react": "^18.0.0 || ^19.0.0 || ^19.0.0-0", "react-dom": "^18.0.0 || ^19.0.0 || ^19.0.0-0" }, "optionalPeers": ["react", "react-dom"] }, "sha512-F8P7SqpcaLTV/wwCB3/1AkboO3YqFjb7qS6GoSDtVTFHMfpHJgHKhZ0vUBQFaLh/8ZV1kyRuiI/hrrbwIOF1EQ=="],

    "@clerk/types": ["@clerk/types@4.50.1", "", { "dependencies": { "csstype": "3.1.3" } }, "sha512-GwsW/6LPHavHghh2QpmDbhyIuDP61OYV0T6x5hnjgAxjfexpRymbewR7Qez7H4kOo4gtnCNUrgTZ6nyresLEEg=="],

    "@cloudflare/workers-types": ["@cloudflare/workers-types@4.20250321.0", "", {}, "sha512-jPwtZJC7tVFOwFazuwq96be8haTnY9qik8hJ+oLFi50d9LTWPPrnrNHC4OxZmJTEcPIAy0y1WFZHe8C/b7xFXQ=="],

    "@google/generative-ai": ["@google/generative-ai@0.24.0", "", {}, "sha512-fnEITCGEB7NdX0BhoYZ/cq/7WPZ1QS5IzJJfC3Tg/OwkvBetMiVJciyaan297OvE4B9Jg1xvo0zIazX/9sGu1Q=="],

    "@types/bun": ["@types/bun@1.2.7", "", { "dependencies": { "bun-types": "1.2.7" } }, "sha512-Xf/nkx1V03GvWEzWrYsOGB1VUvWVtU5p6jHalCxixhhfLgsJN59iT7CRvfBXyEBnYoGCa2orzWj6car/QfTjxw=="],

    "@types/node": ["@types/node@22.13.14", "", { "dependencies": { "undici-types": "~6.20.0" } }, "sha512-Zs/Ollc1SJ8nKUAgc7ivOEdIBM8JAKgrqqUYi2J997JuKO7/tpQC+WCetQ1sypiKCQWHdvdg9wBNpUPEWZae7w=="],

    "@types/ws": ["@types/ws@8.18.0", "", { "dependencies": { "@types/node": "*" } }, "sha512-8svvI3hMyvN0kKCJMvTJP/x6Y/EoQbepff882wL+Sn5QsXb3etnamgrJq4isrBxSJj5L2AuXcI0+bgkoAXGUJw=="],

    "agent-base": ["agent-base@7.1.3", "", {}, "sha512-jRR5wdylq8CkOe6hei19GGZnxM6rBGwFl3Bg0YItGDimvjGtAvdZk4Pu6Cl4u4Igsws4a1fd1Vq3ezrhn4KmFw=="],

    "base64-js": ["base64-js@1.5.1", "", {}, "sha512-AKpaYlHn8t4SVbOHCy+b5+KKgvR4vrsD8vbvrbiQJps7fKDTkjkDry6ji0rUJjC0kzbNePLwzxq8iypo41qeWA=="],

    "bignumber.js": ["bignumber.js@9.1.2", "", {}, "sha512-2/mKyZH9K85bzOEfhXDBFZTGd1CTs+5IHpeFQo9luiBG7hghdC851Pj2WAhb6E3R6b9tZj/XKhbg4fum+Kepug=="],

    "buffer-equal-constant-time": ["buffer-equal-constant-time@1.0.1", "", {}, "sha512-zRpUiDwd/xk6ADqPMATG8vc9VPrkck7T07OIx0gnjmJAnHnTVXNQG3vfvWNuiZIkwu9KrKdA1iJKfsfTVxE6NA=="],

    "bun-types": ["bun-types@1.2.7", "", { "dependencies": { "@types/node": "*", "@types/ws": "*" } }, "sha512-P4hHhk7kjF99acXqKvltyuMQ2kf/rzIw3ylEDpCxDS9Xa0X0Yp/gJu/vDCucmWpiur5qJ0lwB2bWzOXa2GlHqA=="],

    "cookie": ["cookie@1.0.2", "", {}, "sha512-9Kr/j4O16ISv8zBBhJoi4bXOYNTkFLOqSL3UDB0njXxCXNezjeyVrJyGOWtgfs/q2km1gwBcfH8q1yEGoMYunA=="],

    "csstype": ["csstype@3.1.3", "", {}, "sha512-M1uQkMl8rQK/szD0LNhtqxIPLpimGm8sOBwU7lLnCpSbTyY3yeU1Vc7l4KT5zT4s/yOxHH5O7tIuuLOCnLADRw=="],

    "debug": ["debug@4.4.0", "", { "dependencies": { "ms": "^2.1.3" } }, "sha512-6WTZ/IxCY/T6BALoZHaE4ctp9xm+Z5kY/pzYaCHRFeyVhojxlrm+46y68HA6hr0TcwEssoxNiDEUJQjfPZ/RYA=="],

    "dequal": ["dequal@2.0.3", "", {}, "sha512-0je+qPKHEMohvfRTCEo3CrPG6cAzAYgmzKyxRiYSSDkS6eGJdyVJm7WaYA5ECaAD9wLB2T4EEeymA5aFVcYXCA=="],

    "dot-case": ["dot-case@3.0.4", "", { "dependencies": { "no-case": "^3.0.4", "tslib": "^2.0.3" } }, "sha512-Kv5nKlh6yRrdrGvxeJ2e5y2eRUpkUosIW4A2AS38zwSz27zu7ufDwQPi5Jhs3XAlGNetl3bmnGhQsMtkKJnj3w=="],

    "ecdsa-sig-formatter": ["ecdsa-sig-formatter@1.0.11", "", { "dependencies": { "safe-buffer": "^5.0.1" } }, "sha512-nagl3RYrbNv6kQkeJIpt6NJZy8twLB/2vtz6yN9Z4vRKHN4/QZJIEbqohALSgwKdnksuY3k5Addp5lg8sVoVcQ=="],

    "extend": ["extend@3.0.2", "", {}, "sha512-fjquC59cD7CyW6urNXK0FBufkZcoiGG80wTuPujX590cB5Ttln20E2UB4S/WARVqhXffZl2LNgS+gQdPIIim/g=="],

    "gaxios": ["gaxios@6.7.1", "", { "dependencies": { "extend": "^3.0.2", "https-proxy-agent": "^7.0.1", "is-stream": "^2.0.0", "node-fetch": "^2.6.9", "uuid": "^9.0.1" } }, "sha512-LDODD4TMYx7XXdpwxAVRAIAuB0bzv0s+ywFonY46k126qzQHT9ygyoa9tncmOiQmmDrik65UYsEkv3lbfqQ3yQ=="],

    "gcp-metadata": ["gcp-metadata@6.1.1", "", { "dependencies": { "gaxios": "^6.1.1", "google-logging-utils": "^0.0.2", "json-bigint": "^1.0.0" } }, "sha512-a4tiq7E0/5fTjxPAaH4jpjkSv/uCaU2p5KC6HVGrvl0cDjA8iBZv4vv1gyzlmK0ZUKqwpOyQMKzZQe3lTit77A=="],

    "glob-to-regexp": ["glob-to-regexp@0.4.1", "", {}, "sha512-lkX1HJXwyMcprw/5YUZc2s7DrpAiHB21/V+E1rHUrVNokkvB6bqMzT0VfV6/86ZNabt1k14YOIaT7nDvOX3Iiw=="],

    "google-auth-library": ["google-auth-library@9.15.1", "", { "dependencies": { "base64-js": "^1.3.0", "ecdsa-sig-formatter": "^1.0.11", "gaxios": "^6.1.1", "gcp-metadata": "^6.1.0", "gtoken": "^7.0.0", "jws": "^4.0.0" } }, "sha512-Jb6Z0+nvECVz+2lzSMt9u98UsoakXxA2HGHMCxh+so3n90XgYWkq5dur19JAJV7ONiJY22yBTyJB1TSkvPq9Ng=="],

    "google-logging-utils": ["google-logging-utils@0.0.2", "", {}, "sha512-NEgUnEcBiP5HrPzufUkBzJOD/Sxsco3rLNo1F1TNf7ieU8ryUzBhqba8r756CjLX7rn3fHl6iLEwPYuqpoKgQQ=="],

    "gtoken": ["gtoken@7.1.0", "", { "dependencies": { "gaxios": "^6.0.0", "jws": "^4.0.0" } }, "sha512-pCcEwRi+TKpMlxAQObHDQ56KawURgyAf6jtIY046fJ5tIv3zDe/LEIubckAO8fj6JnAxLdmWkUfNyulQ2iKdEw=="],

    "https-proxy-agent": ["https-proxy-agent@7.0.6", "", { "dependencies": { "agent-base": "^7.1.2", "debug": "4" } }, "sha512-vK9P5/iUfdl95AI+JVyUuIcVtd4ofvtrOr3HNtM2yxC9bnMbEdp3x01OhQNnjb8IJYi38VlTE3mBXwcfvywuSw=="],

    "is-stream": ["is-stream@2.0.1", "", {}, "sha512-hFoiJiTl63nn+kstHGBtewWSKnQLpyb155KHheA1l39uvtO9nWIop1p3udqPcUd/xbF1VLMO4n7OI6p7RbngDg=="],

    "itty-router": ["itty-router@5.0.18", "", {}, "sha512-mK3ReOt4ARAGy0V0J7uHmArG2USN2x0zprZ+u+YgmeRjXTDbaowDy3kPcsmQY6tH+uHhDgpWit9Vqmv/4rTXwA=="],

    "js-cookie": ["js-cookie@3.0.5", "", {}, "sha512-cEiJEAEoIbWfCZYKWhVwFuvPX1gETRYPw6LlaTKoxD3s2AkXzkCjnp6h0V77ozyqj0jakteJ4YqDJT830+lVGw=="],

    "json-bigint": ["json-bigint@1.0.0", "", { "dependencies": { "bignumber.js": "^9.0.0" } }, "sha512-SiPv/8VpZuWbvLSMtTDU8hEfrZWg/mH/nV/b4o0CYbSxu1UIQPLdwKOCIyLQX+VIPO5vrLX3i8qtqFyhdPSUSQ=="],

    "jwa": ["jwa@2.0.0", "", { "dependencies": { "buffer-equal-constant-time": "1.0.1", "ecdsa-sig-formatter": "1.0.11", "safe-buffer": "^5.0.1" } }, "sha512-jrZ2Qx916EA+fq9cEAeCROWPTfCwi1IVHqT2tapuqLEVVDKFDENFw1oL+MwrTvH6msKxsd1YTDVw6uKEcsrLEA=="],

    "jws": ["jws@4.0.0", "", { "dependencies": { "jwa": "^2.0.0", "safe-buffer": "^5.0.1" } }, "sha512-KDncfTmOZoOMTFG4mBlG0qUIOlc03fmzH+ru6RgYVZhPkyiy/92Owlt/8UEN+a4TXR1FQetfIpJE8ApdvdVxTg=="],

    "lower-case": ["lower-case@2.0.2", "", { "dependencies": { "tslib": "^2.0.3" } }, "sha512-7fm3l3NAF9WfN6W3JOmf5drwpVqX78JtoGJ3A6W0a6ZnldM41w2fV5D490psKFTpMds8TJse/eHLFFsNHHjHgg=="],

    "map-obj": ["map-obj@4.3.0", "", {}, "sha512-hdN1wVrZbb29eBGiGjJbeP8JbKjq1urkHJ/LIP/NY48MZ1QVXUsQBV1G1zvYFHn1XE06cwjBsOI2K3Ulnj1YXQ=="],

    "ms": ["ms@2.1.3", "", {}, "sha512-6FlzubTLZG3J2a/NVCAleEhjzq5oxgHyaCU9yYXvcLsvoVaHJq/s5xXI6/XXP6tz7R9xAOtHnSO/tXtF3WRTlA=="],

    "no-case": ["no-case@3.0.4", "", { "dependencies": { "lower-case": "^2.0.2", "tslib": "^2.0.3" } }, "sha512-fgAN3jGAh+RoxUGZHTSOLJIqUc2wmoBwGR4tbpNAKmmovFoWq0OdRkb0VkldReO2a2iBT/OEulG9XSUc10r3zg=="],

    "node-fetch": ["node-fetch@2.7.0", "", { "dependencies": { "whatwg-url": "^5.0.0" }, "peerDependencies": { "encoding": "^0.1.0" }, "optionalPeers": ["encoding"] }, "sha512-c4FRfUm/dbcWZ7U+1Wq0AwCyFL+3nt2bEw05wfxSz+DWpWsitgmSgYmy2dQdWyKC1694ELPqMs/YzUSNozLt8A=="],

    "react": ["react@19.1.0", "", {}, "sha512-FS+XFBNvn3GTAWq26joslQgWNoFu08F4kl0J4CgdNKADkdSGXQyTCnKteIAJy96Br6YbpEU1LSzV5dYtjMkMDg=="],

    "safe-buffer": ["safe-buffer@5.2.1", "", {}, "sha512-rp3So07KcdmmKbGvgaNxQSJr7bGVSVk5S9Eq1F+ppbRo70+YeaDxkw5Dd8NPN+GD6bjnYm2VuPuCXmpuYvmCXQ=="],

    "snake-case": ["snake-case@3.0.4", "", { "dependencies": { "dot-case": "^3.0.4", "tslib": "^2.0.3" } }, "sha512-LAOh4z89bGQvl9pFfNF8V146i7o7/CqFPbqzYgP+yYzDIDeS9HaNFtXABamRW+AQzEVODcvE79ljJ+8a9YSdMg=="],

    "snakecase-keys": ["snakecase-keys@8.0.1", "", { "dependencies": { "map-obj": "^4.1.0", "snake-case": "^3.0.4", "type-fest": "^4.15.0" } }, "sha512-Sj51kE1zC7zh6TDlNNz0/Jn1n5HiHdoQErxO8jLtnyrkJW/M5PrI7x05uDgY3BO7OUQYKCvmeMurW6BPUdwEOw=="],

    "std-env": ["std-env@3.8.1", "", {}, "sha512-vj5lIj3Mwf9D79hBkltk5qmkFI+biIKWS2IBxEyEU3AX1tUf7AoL8nSazCOiiqQsGKIq01SClsKEzweu34uwvA=="],

    "swr": ["swr@2.3.3", "", { "dependencies": { "dequal": "^2.0.3", "use-sync-external-store": "^1.4.0" }, "peerDependencies": { "react": "^16.11.0 || ^17.0.0 || ^18.0.0 || ^19.0.0" } }, "sha512-dshNvs3ExOqtZ6kJBaAsabhPdHyeY4P2cKwRCniDVifBMoG/SVI7tfLWqPXriVspf2Rg4tPzXJTnwaihIeFw2A=="],

    "tr46": ["tr46@0.0.3", "", {}, "sha512-N3WMsuqV66lT30CrXNbEjx4GEwlow3v6rr4mCcv6prnfwhS01rkgyFdjPNBYd9br7LpXV1+Emh01fHnq2Gdgrw=="],

    "tslib": ["tslib@2.8.1", "", {}, "sha512-oJFu94HQb+KVduSUQL7wnpmqnfmLsOA/nAh6b6EH0wCEoK0/mPeXU6c3wKDV83MkOuHPRHtSXKKU99IBazS/2w=="],

    "type-fest": ["type-fest@4.38.0", "", {}, "sha512-2dBz5D5ycHIoliLYLi0Q2V7KRaDlH0uWIvmk7TYlAg5slqwiPv1ezJdZm1QEM0xgk29oYWMCbIG7E6gHpvChlg=="],

    "typescript": ["typescript@5.8.2", "", { "bin": { "tsc": "bin/tsc", "tsserver": "bin/tsserver" } }, "sha512-aJn6wq13/afZp/jT9QZmwEjDqqvSGp1VT5GVg+f/t6/oVyrgXM6BY1h9BRh/O5p3PlUPAe+WuiEZOmb/49RqoQ=="],

    "undici-types": ["undici-types@6.20.0", "", {}, "sha512-Ny6QZ2Nju20vw1SRHe3d9jVu6gJ+4e3+MMpqu7pqE5HT6WsTSlce++GQmK5UXS8mzV8DSYHrQH+Xrf2jVcuKNg=="],

    "use-sync-external-store": ["use-sync-external-store@1.5.0", "", { "peerDependencies": { "react": "^16.8.0 || ^17.0.0 || ^18.0.0 || ^19.0.0" } }, "sha512-Rb46I4cGGVBmjamjphe8L/UnvJD+uPPtTkNvX5mZgqdbavhI4EbgIWJiIHXJ8bc/i9EQGPRh4DwEURJ552Do0A=="],

    "uuid": ["uuid@9.0.1", "", { "bin": { "uuid": "dist/bin/uuid" } }, "sha512-b+1eJOlsR9K8HJpow9Ok3fiWOWSIcIzXodvv0rQjVoOVNpWMpxf1wZNpt4y9h10odCNrqnYp1OBzRktckBe3sA=="],

    "webidl-conversions": ["webidl-conversions@3.0.1", "", {}, "sha512-2JAn3z8AR6rjK8Sm8orRC0h/bcl/DqL7tRPdGZ4I1CjdF+EaMLmYxBHyXuKL849eucPFhvBoxMsflfOb8kxaeQ=="],

    "whatwg-url": ["whatwg-url@5.0.0", "", { "dependencies": { "tr46": "~0.0.3", "webidl-conversions": "^3.0.0" } }, "sha512-saE57nupxk6v3HY35+jzBwYa0rKSy0XR8JSxZPwgLr7ys0IBzhGviA1/TUGJLmSVqs8pb9AnvICXEuOHLprYTw=="],
  }
}
